
Microsoft Visual Studio Solution File, Format Version 12.00
# Visual Studio Version 16
VisualStudioVersion = 16.0.32106.194
MinimumVisualStudioVersion = 10.0.40219.1
Project("{FAE04EC0-301F-11D3-BF4B-00C04F79EFBC}") = "PostgreSQL CRUD", "PostgreSQL CRUD\PostgreSQL CRUD.csproj", "{809B798A-E8E5-4D6D-85B5-06ED20B1A60F}"
EndProject
Global
	GlobalSection(SolutionConfigurationPlatforms) = preSolution
		Debug|Any CPU = Debug|Any CPU
		Release|Any CPU = Release|Any CPU
	EndGlobalSection
	GlobalSection(ProjectConfigurationPlatforms) = postSolution
		{809B798A-E8E5-4D6D-85B5-06ED20B1A60F}.Debug|Any CPU.ActiveCfg = Debug|Any CPU
		{809B798A-E8E5-4D6D-85B5-06ED20B1A60F}.Debug|Any CPU.Build.0 = Debug|Any CPU
		{809B798A-E8E5-4D6D-85B5-06ED20B1A60F}.Release|Any CPU.ActiveCfg = Release|Any CPU
		{809B798A-E8E5-4D6D-85B5-06ED20B1A60F}.Release|Any CPU.Build.0 = Release|Any CPU
	EndGlobalSection
	GlobalSection(SolutionProperties) = preSolution
		HideSolutionNode = FALSE
	EndGlobalSection
	GlobalSection(ExtensibilityGlobals) = postSolution
		SolutionGuid = {632CC79A-6719-49BE-8C4D-F4C1EBEA7B09}
	EndGlobalSection
EndGlobal
